{
  "version": 4,
  "terraform_version": "1.2.8",
  "serial": 17,
  "lineage": "d165f1b3-55a7-b778-a76d-8c7ecc6268f2",
  "outputs": {
    "instance_private_ip": {
      "value": [
        "10.1.20.167"
      ],
      "type": [
        "tuple",
        [
          "string"
        ]
      ]
    },
    "instance_public_ip": {
      "value": [
        "129.148.42.134"
      ],
      "type": [
        "tuple",
        [
          "string"
        ]
      ]
    },
    "password": {
      "value": [
        "zYl-hK5cdfHld$Z2"
      ],
      "type": [
        "tuple",
        [
          "string"
        ]
      ]
    },
    "username": {
      "value": [
        "opc"
      ],
      "type": [
        "tuple",
        [
          "string"
        ]
      ]
    }
  },
  "resources": [
    {
      "mode": "data",
      "type": "oci_core_instance_credentials",
      "name": "instance_credentials",
      "provider": "provider[\"registry.terraform.io/hashicorp/oci\"]",
      "instances": [
        {
          "schema_version": 0,
          "attributes": {
            "id": "CoreInstanceCredentialDataSource-3585113452",
            "instance_id": "ocid1.instance.oc1.sa-saopaulo-1.antxeljrsxdlpuacrnkar5kxabqj2dzzdkcwt3473ni77764txehj3ehkndq",
            "password": "7Bh4,FK@X8uzt",
            "username": "opc"
          },
          "sensitive_attributes": []
        }
      ]
    },
    {
      "mode": "data",
      "type": "oci_identity_availability_domain",
      "name": "ad",
      "provider": "provider[\"registry.terraform.io/hashicorp/oci\"]",
      "instances": [
        {
          "schema_version": 0,
          "attributes": {
            "ad_number": 1,
            "compartment_id": "ocid1.tenancy.oc1..aaaaaaaad5inhrxpzcozuvgsbzgxbxa7ri7tordweztvqg2jtfkulmqr6hvq",
            "id": "ocid1.availabilitydomain.oc1..aaaaaaaay5nesbty7quxigdwtp7axotkcglzi43jvfrnwvbv4dgjerqwxf5a",
            "name": "ZSbc:SA-SAOPAULO-1-AD-1"
          },
          "sensitive_attributes": []
        }
      ]
    },
    {
      "mode": "data",
      "type": "template_cloudinit_config",
      "name": "cloudinit_config",
      "provider": "provider[\"registry.terraform.io/hashicorp/template\"]",
      "instances": [
        {
          "schema_version": 0,
          "attributes": {
            "base64_encode": true,
            "gzip": false,
            "id": "2601622795",
            "part": [
              {
                "content": "#ps1_sysnative\r\n\r\n# Template variables\r\n$user='opc'\r\n$password='zYl-hK5cdfHld$Z2'\r\n$computerName='TSPLUS'\r\n\r\nWrite-Output \"Changing $user password\"\r\nnet user $user $password\r\nWrite-Output \"Changed $user password\"\r\n\r\nWrite-Output \"Configuring WinRM\"\r\n# Allow unencrypted if you wish to use http 5985 endpoint\r\nwinrm set winrm/config/service '@{AllowUnencrypted=\"true\"}'\r\n\r\n# Create a self-signed certificate to configure WinRM for HTTPS\r\n$cert = New-SelfSignedCertificate -CertStoreLocation 'Cert:\\LocalMachine\\My' -DnsName $computerName\r\nWrite-Output \"Self-signed SSL certificate generated with details: $cert\"\r\n\r\n$valueSet = @{\r\n    Hostname = $computerName\r\n    CertificateThumbprint = $cert.Thumbprint\r\n}\r\n\r\n$selectorSet = @{\r\n    Transport = \"HTTPS\"\r\n    Address = \"*\"\r\n}\r\n\r\n# Remove any prior HTTPS listener\r\n$listeners = Get-ChildItem WSMan:\\localhost\\Listener\r\nIf (!($listeners | Where {$_.Keys -like \"TRANSPORT=HTTPS\"}))\r\n{\r\n    Remove-WSManInstance -ResourceURI 'winrm/config/Listener' -SelectorSet $selectorSet\r\n}\r\n\r\nWrite-Output \"Enabling HTTPS listener\"\r\nNew-WSManInstance -ResourceURI 'winrm/config/Listener' -SelectorSet $selectorSet -ValueSet $valueSet\r\nWrite-Output \"Enabled HTTPS listener\"\r\n\r\nWrite-Output \"Configured WinRM\"",
                "content_type": "text/x-shellscript",
                "filename": "cloudinit.ps1",
                "merge_type": ""
              },
              {
                "content": "#cloud-config\r\nwrite_files:\r\n - path:     C:/init.ps1\r\n   content:  |\r\n     echo \"add your custom commands and scripts here\"\r\n\r\n# Depending on the image that is being used runcmd plugin may not be supported, you may use ps1_sysnative config instead\r\n# Windows-Server-2012-R2-Standard-Edition-VM-2018.07.19-0 - cloudbaseinit.plugins.common.userdataplugins.cloudconfig [-] Plugin 'runcmd' is currently not supported\r\nruncmd:\r\n - echo \"Hello from Terraform\"\r\n - powershell.exe \"C:/init.ps1\"\r\n\r\n# Depending on the image that is being used script plugin may not be supported, you may use ps1_sysnative config instead\r\n# Windows-Server-2012-R2-Standard-Edition-VM-2018.07.19-0 - cloudbaseinit.plugins.common.userdataplugins.cloudconfig [-] Plugin 'script' is currently not supported\r\nscript:      |\r\n  \u003cpowershell\u003e\r\n  winrm set winrm/config/client/auth '@{Basic=\"true\"}'\r\n  winrm set winrm/config/service/auth '@{Basic=\"true\"}'\r\n  winrm set winrm/config/service '@{AllowUnencrypted=\"true\"}'\r\n  winrm set winrm/config/winrs '@{MaxMemoryPerShellMB=\"300\"}'\r\n  winrm set winrm/config '@{MaxTimeoutms=\"1800000\"}'\r\n  $file = Join-Path -Path $env:SystemRoot -ChildPath (Get-Date).ToString(\"MM-dd-yy-hh-mm\")\r\n  New-Item $file -ItemType file -Value \"Hello from Terraform\"\r\n  \u003c/powershell\u003e",
                "content_type": "text/cloud-config",
                "filename": "cloudinit.yml",
                "merge_type": ""
              }
            ],
            "rendered": "Q29udGVudC1UeXBlOiBtdWx0aXBhcnQvbWl4ZWQ7IGJvdW5kYXJ5PSJNSU1FQk9VTkRBUlkiCk1JTUUtVmVyc2lvbjogMS4wDQoNCi0tTUlNRUJPVU5EQVJZDQpDb250ZW50LURpc3Bvc2l0aW9uOiBhdHRhY2htZW50OyBmaWxlbmFtZT0iY2xvdWRpbml0LnBzMSINCkNvbnRlbnQtVHJhbnNmZXItRW5jb2Rpbmc6IDdiaXQNCkNvbnRlbnQtVHlwZTogdGV4dC94LXNoZWxsc2NyaXB0DQpNaW1lLVZlcnNpb246IDEuMA0KDQojcHMxX3N5c25hdGl2ZQ0KDQojIFRlbXBsYXRlIHZhcmlhYmxlcw0KJHVzZXI9J29wYycNCiRwYXNzd29yZD0nellsLWhLNWNkZkhsZCRaMicNCiRjb21wdXRlck5hbWU9J1RTUExVUycNCg0KV3JpdGUtT3V0cHV0ICJDaGFuZ2luZyAkdXNlciBwYXNzd29yZCINCm5ldCB1c2VyICR1c2VyICRwYXNzd29yZA0KV3JpdGUtT3V0cHV0ICJDaGFuZ2VkICR1c2VyIHBhc3N3b3JkIg0KDQpXcml0ZS1PdXRwdXQgIkNvbmZpZ3VyaW5nIFdpblJNIg0KIyBBbGxvdyB1bmVuY3J5cHRlZCBpZiB5b3Ugd2lzaCB0byB1c2UgaHR0cCA1OTg1IGVuZHBvaW50DQp3aW5ybSBzZXQgd2lucm0vY29uZmlnL3NlcnZpY2UgJ0B7QWxsb3dVbmVuY3J5cHRlZD0idHJ1ZSJ9Jw0KDQojIENyZWF0ZSBhIHNlbGYtc2lnbmVkIGNlcnRpZmljYXRlIHRvIGNvbmZpZ3VyZSBXaW5STSBmb3IgSFRUUFMNCiRjZXJ0ID0gTmV3LVNlbGZTaWduZWRDZXJ0aWZpY2F0ZSAtQ2VydFN0b3JlTG9jYXRpb24gJ0NlcnQ6XExvY2FsTWFjaGluZVxNeScgLURuc05hbWUgJGNvbXB1dGVyTmFtZQ0KV3JpdGUtT3V0cHV0ICJTZWxmLXNpZ25lZCBTU0wgY2VydGlmaWNhdGUgZ2VuZXJhdGVkIHdpdGggZGV0YWlsczogJGNlcnQiDQoNCiR2YWx1ZVNldCA9IEB7DQogICAgSG9zdG5hbWUgPSAkY29tcHV0ZXJOYW1lDQogICAgQ2VydGlmaWNhdGVUaHVtYnByaW50ID0gJGNlcnQuVGh1bWJwcmludA0KfQ0KDQokc2VsZWN0b3JTZXQgPSBAew0KICAgIFRyYW5zcG9ydCA9ICJIVFRQUyINCiAgICBBZGRyZXNzID0gIioiDQp9DQoNCiMgUmVtb3ZlIGFueSBwcmlvciBIVFRQUyBsaXN0ZW5lcg0KJGxpc3RlbmVycyA9IEdldC1DaGlsZEl0ZW0gV1NNYW46XGxvY2FsaG9zdFxMaXN0ZW5lcg0KSWYgKCEoJGxpc3RlbmVycyB8IFdoZXJlIHskXy5LZXlzIC1saWtlICJUUkFOU1BPUlQ9SFRUUFMifSkpDQp7DQogICAgUmVtb3ZlLVdTTWFuSW5zdGFuY2UgLVJlc291cmNlVVJJICd3aW5ybS9jb25maWcvTGlzdGVuZXInIC1TZWxlY3RvclNldCAkc2VsZWN0b3JTZXQNCn0NCg0KV3JpdGUtT3V0cHV0ICJFbmFibGluZyBIVFRQUyBsaXN0ZW5lciINCk5ldy1XU01hbkluc3RhbmNlIC1SZXNvdXJjZVVSSSAnd2lucm0vY29uZmlnL0xpc3RlbmVyJyAtU2VsZWN0b3JTZXQgJHNlbGVjdG9yU2V0IC1WYWx1ZVNldCAkdmFsdWVTZXQNCldyaXRlLU91dHB1dCAiRW5hYmxlZCBIVFRQUyBsaXN0ZW5lciINCg0KV3JpdGUtT3V0cHV0ICJDb25maWd1cmVkIFdpblJNIg0KLS1NSU1FQk9VTkRBUlkNCkNvbnRlbnQtRGlzcG9zaXRpb246IGF0dGFjaG1lbnQ7IGZpbGVuYW1lPSJjbG91ZGluaXQueW1sIg0KQ29udGVudC1UcmFuc2Zlci1FbmNvZGluZzogN2JpdA0KQ29udGVudC1UeXBlOiB0ZXh0L2Nsb3VkLWNvbmZpZw0KTWltZS1WZXJzaW9uOiAxLjANCg0KI2Nsb3VkLWNvbmZpZw0Kd3JpdGVfZmlsZXM6DQogLSBwYXRoOiAgICAgQzovaW5pdC5wczENCiAgIGNvbnRlbnQ6ICB8DQogICAgIGVjaG8gImFkZCB5b3VyIGN1c3RvbSBjb21tYW5kcyBhbmQgc2NyaXB0cyBoZXJlIg0KDQojIERlcGVuZGluZyBvbiB0aGUgaW1hZ2UgdGhhdCBpcyBiZWluZyB1c2VkIHJ1bmNtZCBwbHVnaW4gbWF5IG5vdCBiZSBzdXBwb3J0ZWQsIHlvdSBtYXkgdXNlIHBzMV9zeXNuYXRpdmUgY29uZmlnIGluc3RlYWQNCiMgV2luZG93cy1TZXJ2ZXItMjAxMi1SMi1TdGFuZGFyZC1FZGl0aW9uLVZNLTIwMTguMDcuMTktMCAtIGNsb3VkYmFzZWluaXQucGx1Z2lucy5jb21tb24udXNlcmRhdGFwbHVnaW5zLmNsb3VkY29uZmlnIFstXSBQbHVnaW4gJ3J1bmNtZCcgaXMgY3VycmVudGx5IG5vdCBzdXBwb3J0ZWQNCnJ1bmNtZDoNCiAtIGVjaG8gIkhlbGxvIGZyb20gVGVycmFmb3JtIg0KIC0gcG93ZXJzaGVsbC5leGUgIkM6L2luaXQucHMxIg0KDQojIERlcGVuZGluZyBvbiB0aGUgaW1hZ2UgdGhhdCBpcyBiZWluZyB1c2VkIHNjcmlwdCBwbHVnaW4gbWF5IG5vdCBiZSBzdXBwb3J0ZWQsIHlvdSBtYXkgdXNlIHBzMV9zeXNuYXRpdmUgY29uZmlnIGluc3RlYWQNCiMgV2luZG93cy1TZXJ2ZXItMjAxMi1SMi1TdGFuZGFyZC1FZGl0aW9uLVZNLTIwMTguMDcuMTktMCAtIGNsb3VkYmFzZWluaXQucGx1Z2lucy5jb21tb24udXNlcmRhdGFwbHVnaW5zLmNsb3VkY29uZmlnIFstXSBQbHVnaW4gJ3NjcmlwdCcgaXMgY3VycmVudGx5IG5vdCBzdXBwb3J0ZWQNCnNjcmlwdDogICAgICB8DQogIDxwb3dlcnNoZWxsPg0KICB3aW5ybSBzZXQgd2lucm0vY29uZmlnL2NsaWVudC9hdXRoICdAe0Jhc2ljPSJ0cnVlIn0nDQogIHdpbnJtIHNldCB3aW5ybS9jb25maWcvc2VydmljZS9hdXRoICdAe0Jhc2ljPSJ0cnVlIn0nDQogIHdpbnJtIHNldCB3aW5ybS9jb25maWcvc2VydmljZSAnQHtBbGxvd1VuZW5jcnlwdGVkPSJ0cnVlIn0nDQogIHdpbnJtIHNldCB3aW5ybS9jb25maWcvd2lucnMgJ0B7TWF4TWVtb3J5UGVyU2hlbGxNQj0iMzAwIn0nDQogIHdpbnJtIHNldCB3aW5ybS9jb25maWcgJ0B7TWF4VGltZW91dG1zPSIxODAwMDAwIn0nDQogICRmaWxlID0gSm9pbi1QYXRoIC1QYXRoICRlbnY6U3lzdGVtUm9vdCAtQ2hpbGRQYXRoIChHZXQtRGF0ZSkuVG9TdHJpbmcoIk1NLWRkLXl5LWhoLW1tIikNCiAgTmV3LUl0ZW0gJGZpbGUgLUl0ZW1UeXBlIGZpbGUgLVZhbHVlICJIZWxsbyBmcm9tIFRlcnJhZm9ybSINCiAgPC9wb3dlcnNoZWxsPg0KLS1NSU1FQk9VTkRBUlktLQ0K"
          },
          "sensitive_attributes": []
        }
      ]
    },
    {
      "mode": "data",
      "type": "template_file",
      "name": "cloudinit_ps1",
      "provider": "provider[\"registry.terraform.io/hashicorp/template\"]",
      "instances": [
        {
          "schema_version": 0,
          "attributes": {
            "filename": null,
            "id": "7c844190ca69eb6c7b7a8ae925e58afcfacf6f9ce2cd9e9d46ab2fc07b30d39c",
            "rendered": "#ps1_sysnative\r\n\r\n# Template variables\r\n$user='opc'\r\n$password='zYl-hK5cdfHld$Z2'\r\n$computerName='TSPLUS'\r\n\r\nWrite-Output \"Changing $user password\"\r\nnet user $user $password\r\nWrite-Output \"Changed $user password\"\r\n\r\nWrite-Output \"Configuring WinRM\"\r\n# Allow unencrypted if you wish to use http 5985 endpoint\r\nwinrm set winrm/config/service '@{AllowUnencrypted=\"true\"}'\r\n\r\n# Create a self-signed certificate to configure WinRM for HTTPS\r\n$cert = New-SelfSignedCertificate -CertStoreLocation 'Cert:\\LocalMachine\\My' -DnsName $computerName\r\nWrite-Output \"Self-signed SSL certificate generated with details: $cert\"\r\n\r\n$valueSet = @{\r\n    Hostname = $computerName\r\n    CertificateThumbprint = $cert.Thumbprint\r\n}\r\n\r\n$selectorSet = @{\r\n    Transport = \"HTTPS\"\r\n    Address = \"*\"\r\n}\r\n\r\n# Remove any prior HTTPS listener\r\n$listeners = Get-ChildItem WSMan:\\localhost\\Listener\r\nIf (!($listeners | Where {$_.Keys -like \"TRANSPORT=HTTPS\"}))\r\n{\r\n    Remove-WSManInstance -ResourceURI 'winrm/config/Listener' -SelectorSet $selectorSet\r\n}\r\n\r\nWrite-Output \"Enabling HTTPS listener\"\r\nNew-WSManInstance -ResourceURI 'winrm/config/Listener' -SelectorSet $selectorSet -ValueSet $valueSet\r\nWrite-Output \"Enabled HTTPS listener\"\r\n\r\nWrite-Output \"Configured WinRM\"",
            "template": "#ps1_sysnative\r\n\r\n# Template variables\r\n$user='${instance_user}'\r\n$password='${instance_password}'\r\n$computerName='${instance_name}'\r\n\r\nWrite-Output \"Changing $user password\"\r\nnet user $user $password\r\nWrite-Output \"Changed $user password\"\r\n\r\nWrite-Output \"Configuring WinRM\"\r\n# Allow unencrypted if you wish to use http 5985 endpoint\r\nwinrm set winrm/config/service '@{AllowUnencrypted=\"true\"}'\r\n\r\n# Create a self-signed certificate to configure WinRM for HTTPS\r\n$cert = New-SelfSignedCertificate -CertStoreLocation 'Cert:\\LocalMachine\\My' -DnsName $computerName\r\nWrite-Output \"Self-signed SSL certificate generated with details: $cert\"\r\n\r\n$valueSet = @{\r\n    Hostname = $computerName\r\n    CertificateThumbprint = $cert.Thumbprint\r\n}\r\n\r\n$selectorSet = @{\r\n    Transport = \"HTTPS\"\r\n    Address = \"*\"\r\n}\r\n\r\n# Remove any prior HTTPS listener\r\n$listeners = Get-ChildItem WSMan:\\localhost\\Listener\r\nIf (!($listeners | Where {$_.Keys -like \"TRANSPORT=HTTPS\"}))\r\n{\r\n    Remove-WSManInstance -ResourceURI 'winrm/config/Listener' -SelectorSet $selectorSet\r\n}\r\n\r\nWrite-Output \"Enabling HTTPS listener\"\r\nNew-WSManInstance -ResourceURI 'winrm/config/Listener' -SelectorSet $selectorSet -ValueSet $valueSet\r\nWrite-Output \"Enabled HTTPS listener\"\r\n\r\nWrite-Output \"Configured WinRM\"",
            "vars": {
              "instance_name": "TSPLUS",
              "instance_password": "zYl-hK5cdfHld$Z2",
              "instance_user": "opc"
            }
          },
          "sensitive_attributes": []
        }
      ]
    },
    {
      "mode": "data",
      "type": "template_file",
      "name": "setup_ps1",
      "provider": "provider[\"registry.terraform.io/hashicorp/template\"]",
      "instances": [
        {
          "schema_version": 0,
          "attributes": {
            "filename": null,
            "id": "e04f62bb019728a825e4a4ec7ef77c54d794967b43a80c6824d1199fd605408a",
            "rendered": "$ipv4='169.254.2.2'\r\n$iqn='iqn.2015-12.com.oracleiaas:635e2c1e-e227-41e0-82db-e8d55999d486'\r\n\r\necho 'Hello from terraform' \u003e C:\\hello_from_terraform_1234567890.txt\r\n\r\nWrite-Output 'Configuring ISCSI for Block Volumes'\r\n\r\nSet-Service -Name msiscsi -StartupType Automatic\r\nStart-Service msiscsi\r\n\r\nNew-IscsiTargetPortal -TargetPortalAddress $ipv4\r\nConnect-IscsiTarget -NodeAddress $iqn -TargetPortalAddress $ipv4 -IsPersistent $True\r\n\r\nWrite-Output 'Configured ISCSI for Block Volumes'\r\n\r\nWrite-Output 'Configuring the new disk for a partition and file system'\r\nGet-Disk -Number 1 | Initialize-Disk -PartitionStyle MBR -PassThru | New-Partition -AssignDriveLetter -UseMaximumSize | Format-Volume -FileSystem NTFS -NewFileSystemLabel \"tfdisk\" -Confirm:$false\r\nWrite-Output 'Configured the new disk'",
            "template": "$ipv4='${volume_ipv4}'\r\n$iqn='${volume_iqn}'\r\n\r\necho 'Hello from terraform' \u003e C:\\hello_from_terraform_1234567890.txt\r\n\r\nWrite-Output 'Configuring ISCSI for Block Volumes'\r\n\r\nSet-Service -Name msiscsi -StartupType Automatic\r\nStart-Service msiscsi\r\n\r\nNew-IscsiTargetPortal -TargetPortalAddress $ipv4\r\nConnect-IscsiTarget -NodeAddress $iqn -TargetPortalAddress $ipv4 -IsPersistent $True\r\n\r\nWrite-Output 'Configured ISCSI for Block Volumes'\r\n\r\nWrite-Output 'Configuring the new disk for a partition and file system'\r\nGet-Disk -Number 1 | Initialize-Disk -PartitionStyle MBR -PassThru | New-Partition -AssignDriveLetter -UseMaximumSize | Format-Volume -FileSystem NTFS -NewFileSystemLabel \"tfdisk\" -Confirm:$false\r\nWrite-Output 'Configured the new disk'",
            "vars": {
              "volume_ipv4": "169.254.2.2",
              "volume_iqn": "iqn.2015-12.com.oracleiaas:635e2c1e-e227-41e0-82db-e8d55999d486"
            }
          },
          "sensitive_attributes": []
        }
      ]
    },
    {
      "mode": "managed",
      "type": "null_resource",
      "name": "remote-exec-windows",
      "provider": "provider[\"registry.terraform.io/hashicorp/null\"]",
      "instances": [
        {
          "index_key": 0,
          "schema_version": 0,
          "attributes": {
            "id": "5777641975647222445",
            "triggers": null
          },
          "sensitive_attributes": [],
          "dependencies": [
            "data.oci_core_instance_credentials.instance_credentials",
            "data.oci_identity_availability_domain.ad",
            "data.template_cloudinit_config.cloudinit_config",
            "data.template_file.cloudinit_ps1",
            "data.template_file.setup_ps1",
            "null_resource.wait_for_cloudinit",
            "oci_core_instance.tsap_instance",
            "oci_core_internet_gateway.tsplus_internet_gateway",
            "oci_core_route_table.tsplus_route_table",
            "oci_core_security_list.tsplus_security_list",
            "oci_core_subnet.tsplus_subnet",
            "oci_core_vcn.tsplus_vcn",
            "oci_core_volume.tsap_volume",
            "oci_core_volume_attachment.tsap_volume_attachment",
            "random_string.instance_password"
          ]
        }
      ]
    },
    {
      "mode": "managed",
      "type": "null_resource",
      "name": "wait_for_cloudinit",
      "provider": "provider[\"registry.terraform.io/hashicorp/null\"]",
      "instances": [
        {
          "index_key": 0,
          "schema_version": 0,
          "attributes": {
            "id": "5560397660545137261",
            "triggers": null
          },
          "sensitive_attributes": [],
          "dependencies": [
            "data.oci_identity_availability_domain.ad",
            "data.template_cloudinit_config.cloudinit_config",
            "data.template_file.cloudinit_ps1",
            "oci_core_instance.tsap_instance",
            "oci_core_internet_gateway.tsplus_internet_gateway",
            "oci_core_route_table.tsplus_route_table",
            "oci_core_security_list.tsplus_security_list",
            "oci_core_subnet.tsplus_subnet",
            "oci_core_vcn.tsplus_vcn",
            "oci_core_volume.tsap_volume",
            "oci_core_volume_attachment.tsap_volume_attachment",
            "random_string.instance_password"
          ]
        }
      ]
    },
    {
      "mode": "managed",
      "type": "oci_core_instance",
      "name": "tsap_instance",
      "provider": "provider[\"registry.terraform.io/hashicorp/oci\"]",
      "instances": [
        {
          "schema_version": 0,
          "attributes": {
            "agent_config": [
              {
                "are_all_plugins_disabled": false,
                "is_management_disabled": false,
                "is_monitoring_disabled": false,
                "plugins_config": []
              }
            ],
            "async": null,
            "availability_config": [
              {
                "is_live_migration_preferred": false,
                "recovery_action": "RESTORE_INSTANCE"
              }
            ],
            "availability_domain": "ZSbc:SA-SAOPAULO-1-AD-1",
            "boot_volume_id": "ocid1.bootvolume.oc1.sa-saopaulo-1.abtxeljr4xiunwuomlbpzkx5rpz46t2mdfljamelxpfszorxtuikdyq7gpda",
            "capacity_reservation_id": null,
            "compartment_id": "ocid1.compartment.oc1..aaaaaaaa244kk7evpcemiee53eiecrufx5mwb66dossufabg44dt6cel5wqq",
            "create_vnic_details": [
              {
                "assign_private_dns_record": false,
                "assign_public_ip": "true",
                "defined_tags": {
                  "Oracle-Tags.CreatedBy": "oracleidentitycloudservice/diego.tavares@cipa.com.br",
                  "Oracle-Tags.CreatedOn": "2023-02-25T21:57:21.922Z"
                },
                "display_name": "TSPLUS",
                "freeform_tags": {},
                "hostname_label": "tsap",
                "nsg_ids": null,
                "private_ip": "10.1.20.167",
                "skip_source_dest_check": false,
                "subnet_id": "ocid1.subnet.oc1.sa-saopaulo-1.aaaaaaaall2lbnwd724pexi24ptf2cxxx2vuhvfk7pqcq3bmm3zx5ic7562a",
                "vlan_id": ""
              }
            ],
            "dedicated_vm_host_id": null,
            "defined_tags": {
              "Oracle-Tags.CreatedBy": "oracleidentitycloudservice/diego.tavares@cipa.com.br",
              "Oracle-Tags.CreatedOn": "2023-02-25T21:57:21.767Z"
            },
            "display_name": "TSPLUS",
            "extended_metadata": null,
            "fault_domain": "FAULT-DOMAIN-2",
            "freeform_tags": {},
            "hostname_label": "tsap",
            "id": "ocid1.instance.oc1.sa-saopaulo-1.antxeljrsxdlpuacrnkar5kxabqj2dzzdkcwt3473ni77764txehj3ehkndq",
            "image": "ocid1.image.oc1.sa-saopaulo-1.aaaaaaaarq2tvirjdd7koud7ynleyx2nkjyjoweb7lh5hfpxdkeri3qmfaxa",
            "instance_options": [
              {
                "are_legacy_imds_endpoints_disabled": false
              }
            ],
            "ipxe_script": null,
            "is_pv_encryption_in_transit_enabled": null,
            "launch_mode": "NATIVE",
            "launch_options": [
              {
                "boot_volume_type": "PARAVIRTUALIZED",
                "firmware": "UEFI_64",
                "is_consistent_volume_naming_enabled": false,
                "is_pv_encryption_in_transit_enabled": false,
                "network_type": "VFIO",
                "remote_data_volume_type": "PARAVIRTUALIZED"
              }
            ],
            "metadata": {
              "user_data": "Q29udGVudC1UeXBlOiBtdWx0aXBhcnQvbWl4ZWQ7IGJvdW5kYXJ5PSJNSU1FQk9VTkRBUlkiCk1JTUUtVmVyc2lvbjogMS4wDQoNCi0tTUlNRUJPVU5EQVJZDQpDb250ZW50LURpc3Bvc2l0aW9uOiBhdHRhY2htZW50OyBmaWxlbmFtZT0iY2xvdWRpbml0LnBzMSINCkNvbnRlbnQtVHJhbnNmZXItRW5jb2Rpbmc6IDdiaXQNCkNvbnRlbnQtVHlwZTogdGV4dC94LXNoZWxsc2NyaXB0DQpNaW1lLVZlcnNpb246IDEuMA0KDQojcHMxX3N5c25hdGl2ZQ0KDQojIFRlbXBsYXRlIHZhcmlhYmxlcw0KJHVzZXI9J29wYycNCiRwYXNzd29yZD0nellsLWhLNWNkZkhsZCRaMicNCiRjb21wdXRlck5hbWU9J1RTUExVUycNCg0KV3JpdGUtT3V0cHV0ICJDaGFuZ2luZyAkdXNlciBwYXNzd29yZCINCm5ldCB1c2VyICR1c2VyICRwYXNzd29yZA0KV3JpdGUtT3V0cHV0ICJDaGFuZ2VkICR1c2VyIHBhc3N3b3JkIg0KDQpXcml0ZS1PdXRwdXQgIkNvbmZpZ3VyaW5nIFdpblJNIg0KIyBBbGxvdyB1bmVuY3J5cHRlZCBpZiB5b3Ugd2lzaCB0byB1c2UgaHR0cCA1OTg1IGVuZHBvaW50DQp3aW5ybSBzZXQgd2lucm0vY29uZmlnL3NlcnZpY2UgJ0B7QWxsb3dVbmVuY3J5cHRlZD0idHJ1ZSJ9Jw0KDQojIENyZWF0ZSBhIHNlbGYtc2lnbmVkIGNlcnRpZmljYXRlIHRvIGNvbmZpZ3VyZSBXaW5STSBmb3IgSFRUUFMNCiRjZXJ0ID0gTmV3LVNlbGZTaWduZWRDZXJ0aWZpY2F0ZSAtQ2VydFN0b3JlTG9jYXRpb24gJ0NlcnQ6XExvY2FsTWFjaGluZVxNeScgLURuc05hbWUgJGNvbXB1dGVyTmFtZQ0KV3JpdGUtT3V0cHV0ICJTZWxmLXNpZ25lZCBTU0wgY2VydGlmaWNhdGUgZ2VuZXJhdGVkIHdpdGggZGV0YWlsczogJGNlcnQiDQoNCiR2YWx1ZVNldCA9IEB7DQogICAgSG9zdG5hbWUgPSAkY29tcHV0ZXJOYW1lDQogICAgQ2VydGlmaWNhdGVUaHVtYnByaW50ID0gJGNlcnQuVGh1bWJwcmludA0KfQ0KDQokc2VsZWN0b3JTZXQgPSBAew0KICAgIFRyYW5zcG9ydCA9ICJIVFRQUyINCiAgICBBZGRyZXNzID0gIioiDQp9DQoNCiMgUmVtb3ZlIGFueSBwcmlvciBIVFRQUyBsaXN0ZW5lcg0KJGxpc3RlbmVycyA9IEdldC1DaGlsZEl0ZW0gV1NNYW46XGxvY2FsaG9zdFxMaXN0ZW5lcg0KSWYgKCEoJGxpc3RlbmVycyB8IFdoZXJlIHskXy5LZXlzIC1saWtlICJUUkFOU1BPUlQ9SFRUUFMifSkpDQp7DQogICAgUmVtb3ZlLVdTTWFuSW5zdGFuY2UgLVJlc291cmNlVVJJICd3aW5ybS9jb25maWcvTGlzdGVuZXInIC1TZWxlY3RvclNldCAkc2VsZWN0b3JTZXQNCn0NCg0KV3JpdGUtT3V0cHV0ICJFbmFibGluZyBIVFRQUyBsaXN0ZW5lciINCk5ldy1XU01hbkluc3RhbmNlIC1SZXNvdXJjZVVSSSAnd2lucm0vY29uZmlnL0xpc3RlbmVyJyAtU2VsZWN0b3JTZXQgJHNlbGVjdG9yU2V0IC1WYWx1ZVNldCAkdmFsdWVTZXQNCldyaXRlLU91dHB1dCAiRW5hYmxlZCBIVFRQUyBsaXN0ZW5lciINCg0KV3JpdGUtT3V0cHV0ICJDb25maWd1cmVkIFdpblJNIg0KLS1NSU1FQk9VTkRBUlkNCkNvbnRlbnQtRGlzcG9zaXRpb246IGF0dGFjaG1lbnQ7IGZpbGVuYW1lPSJjbG91ZGluaXQueW1sIg0KQ29udGVudC1UcmFuc2Zlci1FbmNvZGluZzogN2JpdA0KQ29udGVudC1UeXBlOiB0ZXh0L2Nsb3VkLWNvbmZpZw0KTWltZS1WZXJzaW9uOiAxLjANCg0KI2Nsb3VkLWNvbmZpZw0Kd3JpdGVfZmlsZXM6DQogLSBwYXRoOiAgICAgQzovaW5pdC5wczENCiAgIGNvbnRlbnQ6ICB8DQogICAgIGVjaG8gImFkZCB5b3VyIGN1c3RvbSBjb21tYW5kcyBhbmQgc2NyaXB0cyBoZXJlIg0KDQojIERlcGVuZGluZyBvbiB0aGUgaW1hZ2UgdGhhdCBpcyBiZWluZyB1c2VkIHJ1bmNtZCBwbHVnaW4gbWF5IG5vdCBiZSBzdXBwb3J0ZWQsIHlvdSBtYXkgdXNlIHBzMV9zeXNuYXRpdmUgY29uZmlnIGluc3RlYWQNCiMgV2luZG93cy1TZXJ2ZXItMjAxMi1SMi1TdGFuZGFyZC1FZGl0aW9uLVZNLTIwMTguMDcuMTktMCAtIGNsb3VkYmFzZWluaXQucGx1Z2lucy5jb21tb24udXNlcmRhdGFwbHVnaW5zLmNsb3VkY29uZmlnIFstXSBQbHVnaW4gJ3J1bmNtZCcgaXMgY3VycmVudGx5IG5vdCBzdXBwb3J0ZWQNCnJ1bmNtZDoNCiAtIGVjaG8gIkhlbGxvIGZyb20gVGVycmFmb3JtIg0KIC0gcG93ZXJzaGVsbC5leGUgIkM6L2luaXQucHMxIg0KDQojIERlcGVuZGluZyBvbiB0aGUgaW1hZ2UgdGhhdCBpcyBiZWluZyB1c2VkIHNjcmlwdCBwbHVnaW4gbWF5IG5vdCBiZSBzdXBwb3J0ZWQsIHlvdSBtYXkgdXNlIHBzMV9zeXNuYXRpdmUgY29uZmlnIGluc3RlYWQNCiMgV2luZG93cy1TZXJ2ZXItMjAxMi1SMi1TdGFuZGFyZC1FZGl0aW9uLVZNLTIwMTguMDcuMTktMCAtIGNsb3VkYmFzZWluaXQucGx1Z2lucy5jb21tb24udXNlcmRhdGFwbHVnaW5zLmNsb3VkY29uZmlnIFstXSBQbHVnaW4gJ3NjcmlwdCcgaXMgY3VycmVudGx5IG5vdCBzdXBwb3J0ZWQNCnNjcmlwdDogICAgICB8DQogIDxwb3dlcnNoZWxsPg0KICB3aW5ybSBzZXQgd2lucm0vY29uZmlnL2NsaWVudC9hdXRoICdAe0Jhc2ljPSJ0cnVlIn0nDQogIHdpbnJtIHNldCB3aW5ybS9jb25maWcvc2VydmljZS9hdXRoICdAe0Jhc2ljPSJ0cnVlIn0nDQogIHdpbnJtIHNldCB3aW5ybS9jb25maWcvc2VydmljZSAnQHtBbGxvd1VuZW5jcnlwdGVkPSJ0cnVlIn0nDQogIHdpbnJtIHNldCB3aW5ybS9jb25maWcvd2lucnMgJ0B7TWF4TWVtb3J5UGVyU2hlbGxNQj0iMzAwIn0nDQogIHdpbnJtIHNldCB3aW5ybS9jb25maWcgJ0B7TWF4VGltZW91dG1zPSIxODAwMDAwIn0nDQogICRmaWxlID0gSm9pbi1QYXRoIC1QYXRoICRlbnY6U3lzdGVtUm9vdCAtQ2hpbGRQYXRoIChHZXQtRGF0ZSkuVG9TdHJpbmcoIk1NLWRkLXl5LWhoLW1tIikNCiAgTmV3LUl0ZW0gJGZpbGUgLUl0ZW1UeXBlIGZpbGUgLVZhbHVlICJIZWxsbyBmcm9tIFRlcnJhZm9ybSINCiAgPC9wb3dlcnNoZWxsPg0KLS1NSU1FQk9VTkRBUlktLQ0K"
            },
            "platform_config": [],
            "preemptible_instance_config": [],
            "preserve_boot_volume": null,
            "private_ip": "10.1.20.167",
            "public_ip": "129.148.42.134",
            "region": "sa-saopaulo-1",
            "shape": "VM.Standard2.1",
            "shape_config": [
              {
                "baseline_ocpu_utilization": "",
                "gpu_description": "",
                "gpus": 0,
                "local_disk_description": "",
                "local_disks": 0,
                "local_disks_total_size_in_gbs": 0,
                "max_vnic_attachments": 2,
                "memory_in_gbs": 15,
                "networking_bandwidth_in_gbps": 1,
                "nvmes": 0,
                "ocpus": 1,
                "processor_description": "2.0 GHz Intel® Xeon® Platinum 8167M (Skylake)"
              }
            ],
            "source_details": [
              {
                "boot_volume_size_in_gbs": "256",
                "boot_volume_vpus_per_gb": "10",
                "kms_key_id": "",
                "source_id": "ocid1.image.oc1.sa-saopaulo-1.aaaaaaaarq2tvirjdd7koud7ynleyx2nkjyjoweb7lh5hfpxdkeri3qmfaxa",
                "source_type": "image"
              }
            ],
            "state": "RUNNING",
            "subnet_id": "ocid1.subnet.oc1.sa-saopaulo-1.aaaaaaaall2lbnwd724pexi24ptf2cxxx2vuhvfk7pqcq3bmm3zx5ic7562a",
            "system_tags": {},
            "time_created": "2023-02-25 21:57:22.316 +0000 UTC",
            "time_maintenance_reboot_due": "",
            "timeouts": null
          },
          "sensitive_attributes": [],
          "private": "eyJlMmJmYjczMC1lY2FhLTExZTYtOGY4OC0zNDM2M2JjN2M0YzAiOnsiY3JlYXRlIjoyNzAwMDAwMDAwMDAwLCJkZWxldGUiOjQ1MDAwMDAwMDAwMDAsInVwZGF0ZSI6MjcwMDAwMDAwMDAwMH19",
          "dependencies": [
            "data.oci_identity_availability_domain.ad",
            "data.template_cloudinit_config.cloudinit_config",
            "data.template_file.cloudinit_ps1",
            "oci_core_internet_gateway.tsplus_internet_gateway",
            "oci_core_route_table.tsplus_route_table",
            "oci_core_security_list.tsplus_security_list",
            "oci_core_subnet.tsplus_subnet",
            "oci_core_vcn.tsplus_vcn",
            "random_string.instance_password"
          ]
        }
      ]
    },
    {
      "mode": "managed",
      "type": "oci_core_internet_gateway",
      "name": "tsplus_internet_gateway",
      "provider": "provider[\"registry.terraform.io/hashicorp/oci\"]",
      "instances": [
        {
          "schema_version": 0,
          "attributes": {
            "compartment_id": "ocid1.compartment.oc1..aaaaaaaa244kk7evpcemiee53eiecrufx5mwb66dossufabg44dt6cel5wqq",
            "defined_tags": {
              "Oracle-Tags.CreatedBy": "oracleidentitycloudservice/diego.tavares@cipa.com.br",
              "Oracle-Tags.CreatedOn": "2023-02-25T21:57:03.263Z"
            },
            "display_name": "TestInternetGateway",
            "enabled": true,
            "freeform_tags": {},
            "id": "ocid1.internetgateway.oc1.sa-saopaulo-1.aaaaaaaadtpp2jkgx74k665xqzdqpdcxbchzoghv6masomnu74qdfnkifjrq",
            "route_table_id": null,
            "state": "AVAILABLE",
            "time_created": "2023-02-25 21:57:03.329 +0000 UTC",
            "timeouts": null,
            "vcn_id": "ocid1.vcn.oc1.sa-saopaulo-1.amaaaaaasxdlpuaao4xictvv3zyckoqvj3nbeiksnedki2ubfyqrqjisxfpa"
          },
          "sensitive_attributes": [],
          "private": "eyJlMmJmYjczMC1lY2FhLTExZTYtOGY4OC0zNDM2M2JjN2M0YzAiOnsiY3JlYXRlIjoxMjAwMDAwMDAwMDAwLCJkZWxldGUiOjEyMDAwMDAwMDAwMDAsInVwZGF0ZSI6MTIwMDAwMDAwMDAwMH19",
          "dependencies": [
            "oci_core_vcn.tsplus_vcn"
          ]
        }
      ]
    },
    {
      "mode": "managed",
      "type": "oci_core_route_table",
      "name": "tsplus_route_table",
      "provider": "provider[\"registry.terraform.io/hashicorp/oci\"]",
      "instances": [
        {
          "schema_version": 0,
          "attributes": {
            "compartment_id": "ocid1.compartment.oc1..aaaaaaaa244kk7evpcemiee53eiecrufx5mwb66dossufabg44dt6cel5wqq",
            "defined_tags": {
              "Oracle-Tags.CreatedBy": "oracleidentitycloudservice/diego.tavares@cipa.com.br",
              "Oracle-Tags.CreatedOn": "2023-02-25T21:57:04.332Z"
            },
            "display_name": "TSplusRouteTable",
            "freeform_tags": {},
            "id": "ocid1.routetable.oc1.sa-saopaulo-1.aaaaaaaagyegy4uwq4golaimyplokmxgqxwsuxgnleammxr45gxxcgubnzrq",
            "route_rules": [
              {
                "cidr_block": "",
                "description": "",
                "destination": "0.0.0.0/0",
                "destination_type": "CIDR_BLOCK",
                "network_entity_id": "ocid1.internetgateway.oc1.sa-saopaulo-1.aaaaaaaadtpp2jkgx74k665xqzdqpdcxbchzoghv6masomnu74qdfnkifjrq",
                "route_type": ""
              }
            ],
            "state": "AVAILABLE",
            "time_created": "2023-02-25 21:57:04.357 +0000 UTC",
            "timeouts": null,
            "vcn_id": "ocid1.vcn.oc1.sa-saopaulo-1.amaaaaaasxdlpuaao4xictvv3zyckoqvj3nbeiksnedki2ubfyqrqjisxfpa"
          },
          "sensitive_attributes": [],
          "private": "eyJlMmJmYjczMC1lY2FhLTExZTYtOGY4OC0zNDM2M2JjN2M0YzAiOnsiY3JlYXRlIjoxMjAwMDAwMDAwMDAwLCJkZWxldGUiOjEyMDAwMDAwMDAwMDAsInVwZGF0ZSI6MTIwMDAwMDAwMDAwMH19",
          "dependencies": [
            "oci_core_internet_gateway.tsplus_internet_gateway",
            "oci_core_vcn.tsplus_vcn"
          ]
        }
      ]
    },
    {
      "mode": "managed",
      "type": "oci_core_security_list",
      "name": "tsplus_security_list",
      "provider": "provider[\"registry.terraform.io/hashicorp/oci\"]",
      "instances": [
        {
          "schema_version": 0,
          "attributes": {
            "compartment_id": "ocid1.compartment.oc1..aaaaaaaa244kk7evpcemiee53eiecrufx5mwb66dossufabg44dt6cel5wqq",
            "defined_tags": {
              "Oracle-Tags.CreatedBy": "oracleidentitycloudservice/diego.tavares@cipa.com.br",
              "Oracle-Tags.CreatedOn": "2023-02-25T21:57:03.456Z"
            },
            "display_name": "TSplusSecurityList",
            "egress_security_rules": [
              {
                "description": "",
                "destination": "0.0.0.0/0",
                "destination_type": "CIDR_BLOCK",
                "icmp_options": [],
                "protocol": "all",
                "stateless": false,
                "tcp_options": [],
                "udp_options": []
              }
            ],
            "freeform_tags": {},
            "id": "ocid1.securitylist.oc1.sa-saopaulo-1.aaaaaaaaywmwyxjucccubn7azmje2fuwedmwewkahert4hmnulm3hnsaduga",
            "ingress_security_rules": [
              {
                "description": "",
                "icmp_options": [],
                "protocol": "6",
                "source": "0.0.0.0/0",
                "source_type": "CIDR_BLOCK",
                "stateless": false,
                "tcp_options": [
                  {
                    "max": 3389,
                    "min": 3389,
                    "source_port_range": []
                  }
                ],
                "udp_options": []
              },
              {
                "description": "",
                "icmp_options": [],
                "protocol": "6",
                "source": "0.0.0.0/0",
                "source_type": "CIDR_BLOCK",
                "stateless": false,
                "tcp_options": [
                  {
                    "max": 5986,
                    "min": 5985,
                    "source_port_range": []
                  }
                ],
                "udp_options": []
              }
            ],
            "state": "AVAILABLE",
            "time_created": "2023-02-25 21:57:03.605 +0000 UTC",
            "timeouts": null,
            "vcn_id": "ocid1.vcn.oc1.sa-saopaulo-1.amaaaaaasxdlpuaao4xictvv3zyckoqvj3nbeiksnedki2ubfyqrqjisxfpa"
          },
          "sensitive_attributes": [],
          "private": "eyJlMmJmYjczMC1lY2FhLTExZTYtOGY4OC0zNDM2M2JjN2M0YzAiOnsiY3JlYXRlIjoxMjAwMDAwMDAwMDAwLCJkZWxldGUiOjEyMDAwMDAwMDAwMDAsInVwZGF0ZSI6MTIwMDAwMDAwMDAwMH19",
          "dependencies": [
            "oci_core_vcn.tsplus_vcn"
          ]
        }
      ]
    },
    {
      "mode": "managed",
      "type": "oci_core_subnet",
      "name": "tsplus_subnet",
      "provider": "provider[\"registry.terraform.io/hashicorp/oci\"]",
      "instances": [
        {
          "schema_version": 0,
          "attributes": {
            "availability_domain": "ZSbc:SA-SAOPAULO-1-AD-1",
            "cidr_block": "10.1.20.0/24",
            "compartment_id": "ocid1.compartment.oc1..aaaaaaaa244kk7evpcemiee53eiecrufx5mwb66dossufabg44dt6cel5wqq",
            "defined_tags": {
              "Oracle-Tags.CreatedBy": "oracleidentitycloudservice/diego.tavares@cipa.com.br",
              "Oracle-Tags.CreatedOn": "2023-02-25T21:57:05.367Z"
            },
            "dhcp_options_id": "ocid1.dhcpoptions.oc1.sa-saopaulo-1.aaaaaaaas36j7vzbkd7c2g7v44j7f4cmacocgehjrytrjz7yxb6x5hhxmwya",
            "display_name": "TSplusSubnet",
            "dns_label": "tsplussubnet",
            "freeform_tags": {},
            "id": "ocid1.subnet.oc1.sa-saopaulo-1.aaaaaaaall2lbnwd724pexi24ptf2cxxx2vuhvfk7pqcq3bmm3zx5ic7562a",
            "ipv6cidr_block": null,
            "ipv6cidr_blocks": [],
            "ipv6virtual_router_ip": null,
            "prohibit_internet_ingress": false,
            "prohibit_public_ip_on_vnic": false,
            "route_table_id": "ocid1.routetable.oc1.sa-saopaulo-1.aaaaaaaagyegy4uwq4golaimyplokmxgqxwsuxgnleammxr45gxxcgubnzrq",
            "security_list_ids": [
              "ocid1.securitylist.oc1.sa-saopaulo-1.aaaaaaaaywmwyxjucccubn7azmje2fuwedmwewkahert4hmnulm3hnsaduga"
            ],
            "state": "AVAILABLE",
            "subnet_domain_name": "tsplussubnet.tsplusvcn.oraclevcn.com",
            "time_created": "2023-02-25 21:57:05.44 +0000 UTC",
            "timeouts": null,
            "vcn_id": "ocid1.vcn.oc1.sa-saopaulo-1.amaaaaaasxdlpuaao4xictvv3zyckoqvj3nbeiksnedki2ubfyqrqjisxfpa",
            "virtual_router_ip": "10.1.20.1",
            "virtual_router_mac": "00:00:17:60:A7:34"
          },
          "sensitive_attributes": [],
          "private": "eyJlMmJmYjczMC1lY2FhLTExZTYtOGY4OC0zNDM2M2JjN2M0YzAiOnsiY3JlYXRlIjoxMjAwMDAwMDAwMDAwLCJkZWxldGUiOjEyMDAwMDAwMDAwMDAsInVwZGF0ZSI6MTIwMDAwMDAwMDAwMH19",
          "dependencies": [
            "data.oci_identity_availability_domain.ad",
            "oci_core_internet_gateway.tsplus_internet_gateway",
            "oci_core_route_table.tsplus_route_table",
            "oci_core_security_list.tsplus_security_list",
            "oci_core_vcn.tsplus_vcn"
          ]
        }
      ]
    },
    {
      "mode": "managed",
      "type": "oci_core_vcn",
      "name": "tsplus_vcn",
      "provider": "provider[\"registry.terraform.io/hashicorp/oci\"]",
      "instances": [
        {
          "schema_version": 0,
          "attributes": {
            "byoipv6cidr_blocks": [],
            "byoipv6cidr_details": null,
            "cidr_block": "10.1.0.0/16",
            "cidr_blocks": [
              "10.1.0.0/16"
            ],
            "compartment_id": "ocid1.compartment.oc1..aaaaaaaa244kk7evpcemiee53eiecrufx5mwb66dossufabg44dt6cel5wqq",
            "default_dhcp_options_id": "ocid1.dhcpoptions.oc1.sa-saopaulo-1.aaaaaaaas36j7vzbkd7c2g7v44j7f4cmacocgehjrytrjz7yxb6x5hhxmwya",
            "default_route_table_id": "ocid1.routetable.oc1.sa-saopaulo-1.aaaaaaaao5sntw4opbuksymnf7eisa2rl5zi2cnj5x4o5hu5s7uvqapn4lkq",
            "default_security_list_id": "ocid1.securitylist.oc1.sa-saopaulo-1.aaaaaaaanfswrsdkeumjtun63akwigkjj6x66txpvmxnadpfhrn2jfvbodyq",
            "defined_tags": {
              "Oracle-Tags.CreatedBy": "oracleidentitycloudservice/diego.tavares@cipa.com.br",
              "Oracle-Tags.CreatedOn": "2023-02-25T21:57:01.955Z"
            },
            "display_name": "TSplusVcn",
            "dns_label": "tsplusvcn",
            "freeform_tags": {},
            "id": "ocid1.vcn.oc1.sa-saopaulo-1.amaaaaaasxdlpuaao4xictvv3zyckoqvj3nbeiksnedki2ubfyqrqjisxfpa",
            "ipv6cidr_blocks": [],
            "ipv6private_cidr_blocks": [],
            "is_ipv6enabled": false,
            "is_oracle_gua_allocation_enabled": null,
            "state": "AVAILABLE",
            "time_created": "2023-02-25 21:57:02.104 +0000 UTC",
            "timeouts": null,
            "vcn_domain_name": "tsplusvcn.oraclevcn.com"
          },
          "sensitive_attributes": [],
          "private": "eyJlMmJmYjczMC1lY2FhLTExZTYtOGY4OC0zNDM2M2JjN2M0YzAiOnsiY3JlYXRlIjoxMjAwMDAwMDAwMDAwLCJkZWxldGUiOjEyMDAwMDAwMDAwMDAsInVwZGF0ZSI6MTIwMDAwMDAwMDAwMH19"
        }
      ]
    },
    {
      "mode": "managed",
      "type": "oci_core_volume",
      "name": "tsap_volume",
      "provider": "provider[\"registry.terraform.io/hashicorp/oci\"]",
      "instances": [
        {
          "schema_version": 0,
          "attributes": {
            "auto_tuned_vpus_per_gb": null,
            "autotune_policies": [],
            "availability_domain": "ZSbc:SA-SAOPAULO-1-AD-1",
            "backup_policy_id": null,
            "block_volume_replicas": [],
            "block_volume_replicas_deletion": null,
            "compartment_id": "ocid1.compartment.oc1..aaaaaaaa244kk7evpcemiee53eiecrufx5mwb66dossufabg44dt6cel5wqq",
            "defined_tags": {
              "Oracle-Tags.CreatedBy": "oracleidentitycloudservice/diego.tavares@cipa.com.br",
              "Oracle-Tags.CreatedOn": "2023-02-25T21:57:02.349Z"
            },
            "display_name": "TSapVolume",
            "freeform_tags": {},
            "id": "ocid1.volume.oc1.sa-saopaulo-1.abtxeljr4o7gl652m5kqfx46pinoju4ry7kieo2ndgfosht4y6ts25stq7xa",
            "is_auto_tune_enabled": false,
            "is_hydrated": true,
            "kms_key_id": null,
            "size_in_gbs": "256",
            "size_in_mbs": "262144",
            "source_details": [],
            "state": "AVAILABLE",
            "system_tags": {},
            "time_created": "2023-02-25 21:57:02.372 +0000 UTC",
            "timeouts": null,
            "volume_backup_id": null,
            "volume_group_id": null,
            "vpus_per_gb": "10"
          },
          "sensitive_attributes": [],
          "private": "eyJlMmJmYjczMC1lY2FhLTExZTYtOGY4OC0zNDM2M2JjN2M0YzAiOnsiY3JlYXRlIjoxMjAwMDAwMDAwMDAwLCJkZWxldGUiOjEyMDAwMDAwMDAwMDAsInVwZGF0ZSI6MTIwMDAwMDAwMDAwMH19",
          "dependencies": [
            "data.oci_identity_availability_domain.ad"
          ]
        }
      ]
    },
    {
      "mode": "managed",
      "type": "oci_core_volume_attachment",
      "name": "tsap_volume_attachment",
      "provider": "provider[\"registry.terraform.io/hashicorp/oci\"]",
      "instances": [
        {
          "schema_version": 0,
          "attributes": {
            "attachment_type": "iscsi",
            "availability_domain": "ZSbc:SA-SAOPAULO-1-AD-1",
            "chap_secret": null,
            "chap_username": null,
            "compartment_id": "ocid1.compartment.oc1..aaaaaaaa244kk7evpcemiee53eiecrufx5mwb66dossufabg44dt6cel5wqq",
            "device": null,
            "display_name": "volumeattachment20230225220010",
            "encryption_in_transit_type": "NONE",
            "id": "ocid1.volumeattachment.oc1.sa-saopaulo-1.antxeljrsxdlpuac4s57oclidkojarz27tpni4q625ekr7j5ao5ev2yrrqfa",
            "instance_id": "ocid1.instance.oc1.sa-saopaulo-1.antxeljrsxdlpuacrnkar5kxabqj2dzzdkcwt3473ni77764txehj3ehkndq",
            "ipv4": "169.254.2.2",
            "iqn": "iqn.2015-12.com.oracleiaas:635e2c1e-e227-41e0-82db-e8d55999d486",
            "is_agent_auto_iscsi_login_enabled": null,
            "is_multipath": null,
            "is_pv_encryption_in_transit_enabled": false,
            "is_read_only": false,
            "is_shareable": false,
            "iscsi_login_state": "",
            "multipath_devices": [],
            "port": 3260,
            "state": "ATTACHED",
            "time_created": "2023-02-25 22:00:11.167 +0000 UTC",
            "timeouts": null,
            "use_chap": null,
            "volume_id": "ocid1.volume.oc1.sa-saopaulo-1.abtxeljr4o7gl652m5kqfx46pinoju4ry7kieo2ndgfosht4y6ts25stq7xa"
          },
          "sensitive_attributes": [],
          "private": "eyJlMmJmYjczMC1lY2FhLTExZTYtOGY4OC0zNDM2M2JjN2M0YzAiOnsiY3JlYXRlIjoxMjAwMDAwMDAwMDAwLCJkZWxldGUiOjEyMDAwMDAwMDAwMDAsInVwZGF0ZSI6MTIwMDAwMDAwMDAwMH19",
          "dependencies": [
            "data.oci_identity_availability_domain.ad",
            "data.template_cloudinit_config.cloudinit_config",
            "data.template_file.cloudinit_ps1",
            "oci_core_instance.tsap_instance",
            "oci_core_internet_gateway.tsplus_internet_gateway",
            "oci_core_route_table.tsplus_route_table",
            "oci_core_security_list.tsplus_security_list",
            "oci_core_subnet.tsplus_subnet",
            "oci_core_vcn.tsplus_vcn",
            "oci_core_volume.tsap_volume",
            "random_string.instance_password"
          ]
        }
      ]
    },
    {
      "mode": "managed",
      "type": "random_string",
      "name": "instance_password",
      "provider": "provider[\"registry.terraform.io/hashicorp/random\"]",
      "instances": [
        {
          "schema_version": 2,
          "attributes": {
            "id": "zYl-hK5cdfHld$Z2",
            "keepers": null,
            "length": 16,
            "lower": true,
            "min_lower": 0,
            "min_numeric": 0,
            "min_special": 0,
            "min_upper": 0,
            "number": true,
            "numeric": true,
            "override_special": null,
            "result": "zYl-hK5cdfHld$Z2",
            "special": true,
            "upper": true
          },
          "sensitive_attributes": []
        }
      ]
    }
  ]
}
